
Microsoft Visual Studio Solution File, Format Version 12.00
# Visual Studio Version 16
VisualStudioVersion = 16.0.30128.74
MinimumVisualStudioVersion = 10.0.40219.1
Project("{FAE04EC0-301F-11D3-BF4B-00C04F79EFBC}") = "TinyShop", "TinyShop.csproj", "{44B34B51-C2CB-43B7-BCEA-9D708046DA75}"
EndProject
Project("{FAE04EC0-301F-11D3-BF4B-00C04F79EFBC}") = "Data", "..\Data\Data.csproj", "{9154204C-C216-4269-9E71-D32B9476A022}"
EndProject
Project("{FAE04EC0-301F-11D3-BF4B-00C04F79EFBC}") = "Service", "..\Service\Service.csproj", "{BAFD7039-2698-4994-BD3E-76497E2A1838}"
EndProject
Global
	GlobalSection(SolutionConfigurationPlatforms) = preSolution
		Debug|Any CPU = Debug|Any CPU
		Release|Any CPU = Release|Any CPU
	EndGlobalSection
	GlobalSection(ProjectConfigurationPlatforms) = postSolution
		{44B34B51-C2CB-43B7-BCEA-9D708046DA75}.Debug|Any CPU.ActiveCfg = Debug|Any CPU
		{44B34B51-C2CB-43B7-BCEA-9D708046DA75}.Debug|Any CPU.Build.0 = Debug|Any CPU
		{44B34B51-C2CB-43B7-BCEA-9D708046DA75}.Release|Any CPU.ActiveCfg = Release|Any CPU
		{44B34B51-C2CB-43B7-BCEA-9D708046DA75}.Release|Any CPU.Build.0 = Release|Any CPU
		{9154204C-C216-4269-9E71-D32B9476A022}.Debug|Any CPU.ActiveCfg = Debug|Any CPU
		{9154204C-C216-4269-9E71-D32B9476A022}.Debug|Any CPU.Build.0 = Debug|Any CPU
		{9154204C-C216-4269-9E71-D32B9476A022}.Release|Any CPU.ActiveCfg = Release|Any CPU
		{9154204C-C216-4269-9E71-D32B9476A022}.Release|Any CPU.Build.0 = Release|Any CPU
		{BAFD7039-2698-4994-BD3E-76497E2A1838}.Debug|Any CPU.ActiveCfg = Debug|Any CPU
		{BAFD7039-2698-4994-BD3E-76497E2A1838}.Debug|Any CPU.Build.0 = Debug|Any CPU
		{BAFD7039-2698-4994-BD3E-76497E2A1838}.Release|Any CPU.ActiveCfg = Release|Any CPU
		{BAFD7039-2698-4994-BD3E-76497E2A1838}.Release|Any CPU.Build.0 = Release|Any CPU
	EndGlobalSection
	GlobalSection(SolutionProperties) = preSolution
		HideSolutionNode = FALSE
	EndGlobalSection
	GlobalSection(ExtensibilityGlobals) = postSolution
		SolutionGuid = {6F7160BB-4485-4FC8-9B2F-1C072BAB85D3}
	EndGlobalSection
EndGlobal
